
Microsoft Visual Studio Solution File, Format Version 12.00
# Visual Studio 15
VisualStudioVersion = 15.0.26730.15
MinimumVisualStudioVersion = 10.0.40219.1
Project("{FAE04EC0-301F-11D3-BF4B-00C04F79EFBC}") = "SportStore", "SportStore\SportStore.csproj", "{81285003-9F7F-469E-8946-B35ADCDC792A}"
EndProject
Project("{2150E333-8FDC-42A3-9474-1A3956D46DE8}") = "test", "test", "{38B11C91-4883-4302-B9FF-5249AC826041}"
EndProject
Project("{FAE04EC0-301F-11D3-BF4B-00C04F79EFBC}") = "SportStore.Tests", "SportStore.Tests\SportStore.Tests.csproj", "{0BE5945E-D7A5-41A0-8E1E-3A652C045964}"
EndProject
Global
	GlobalSection(SolutionConfigurationPlatforms) = preSolution
		Debug|Any CPU = Debug|Any CPU
		Release|Any CPU = Release|Any CPU
	EndGlobalSection
	GlobalSection(ProjectConfigurationPlatforms) = postSolution
		{81285003-9F7F-469E-8946-B35ADCDC792A}.Debug|Any CPU.ActiveCfg = Debug|Any CPU
		{81285003-9F7F-469E-8946-B35ADCDC792A}.Debug|Any CPU.Build.0 = Debug|Any CPU
		{81285003-9F7F-469E-8946-B35ADCDC792A}.Release|Any CPU.ActiveCfg = Release|Any CPU
		{81285003-9F7F-469E-8946-B35ADCDC792A}.Release|Any CPU.Build.0 = Release|Any CPU
		{0BE5945E-D7A5-41A0-8E1E-3A652C045964}.Debug|Any CPU.ActiveCfg = Debug|Any CPU
		{0BE5945E-D7A5-41A0-8E1E-3A652C045964}.Debug|Any CPU.Build.0 = Debug|Any CPU
		{0BE5945E-D7A5-41A0-8E1E-3A652C045964}.Release|Any CPU.ActiveCfg = Release|Any CPU
		{0BE5945E-D7A5-41A0-8E1E-3A652C045964}.Release|Any CPU.Build.0 = Release|Any CPU
	EndGlobalSection
	GlobalSection(SolutionProperties) = preSolution
		HideSolutionNode = FALSE
	EndGlobalSection
	GlobalSection(NestedProjects) = preSolution
		{0BE5945E-D7A5-41A0-8E1E-3A652C045964} = {38B11C91-4883-4302-B9FF-5249AC826041}
	EndGlobalSection
	GlobalSection(ExtensibilityGlobals) = postSolution
		SolutionGuid = {2558EA2C-9B1D-4612-9D21-AB388EE4260A}
	EndGlobalSection
EndGlobal
